
Microsoft Visual Studio Solution File, Format Version 12.00
# Visual Studio 2012
Project("{FAE04EC0-301F-11D3-BF4B-00C04F79EFBC}") = "PayGrid", "PayGrid\PayGrid.csproj", "{64523E3E-2300-42A4-A4BB-0506CD4219C6}"
EndProject
Project("{FAE04EC0-301F-11D3-BF4B-00C04F79EFBC}") = "PayGrid.Tests", "PayGrid.Tests\PayGrid.Tests.csproj", "{420D3699-16B1-4750-BB42-CC6EAE025224}"
EndProject
Global
	GlobalSection(SolutionConfigurationPlatforms) = preSolution
		Debug|Any CPU = Debug|Any CPU
		Release|Any CPU = Release|Any CPU
	EndGlobalSection
	GlobalSection(ProjectConfigurationPlatforms) = postSolution
		{64523E3E-2300-42A4-A4BB-0506CD4219C6}.Debug|Any CPU.ActiveCfg = Debug|Any CPU
		{64523E3E-2300-42A4-A4BB-0506CD4219C6}.Debug|Any CPU.Build.0 = Debug|Any CPU
		{64523E3E-2300-42A4-A4BB-0506CD4219C6}.Release|Any CPU.ActiveCfg = Release|Any CPU
		{64523E3E-2300-42A4-A4BB-0506CD4219C6}.Release|Any CPU.Build.0 = Release|Any CPU
		{420D3699-16B1-4750-BB42-CC6EAE025224}.Debug|Any CPU.ActiveCfg = Debug|Any CPU
		{420D3699-16B1-4750-BB42-CC6EAE025224}.Debug|Any CPU.Build.0 = Debug|Any CPU
		{420D3699-16B1-4750-BB42-CC6EAE025224}.Release|Any CPU.ActiveCfg = Release|Any CPU
		{420D3699-16B1-4750-BB42-CC6EAE025224}.Release|Any CPU.Build.0 = Release|Any CPU
	EndGlobalSection
	GlobalSection(SolutionProperties) = preSolution
		HideSolutionNode = FALSE
	EndGlobalSection
EndGlobal
