
Microsoft Visual Studio Solution File, Format Version 12.00
# Visual Studio 2012
Project("{FAE04EC0-301F-11D3-BF4B-00C04F79EFBC}") = "SendGridTest", "SendGridTest\SendGridTest.csproj", "{A379B9AA-59AF-458F-B25D-D689FA6FD5AF}"
EndProject
Project("{FAE04EC0-301F-11D3-BF4B-00C04F79EFBC}") = "SendGridTest.Tests", "SendGridTest.Tests\SendGridTest.Tests.csproj", "{7A1B5253-E58B-45DF-84D4-A68469D37767}"
EndProject
Global
	GlobalSection(SolutionConfigurationPlatforms) = preSolution
		Debug|Any CPU = Debug|Any CPU
		Release|Any CPU = Release|Any CPU
	EndGlobalSection
	GlobalSection(ProjectConfigurationPlatforms) = postSolution
		{A379B9AA-59AF-458F-B25D-D689FA6FD5AF}.Debug|Any CPU.ActiveCfg = Debug|Any CPU
		{A379B9AA-59AF-458F-B25D-D689FA6FD5AF}.Debug|Any CPU.Build.0 = Debug|Any CPU
		{A379B9AA-59AF-458F-B25D-D689FA6FD5AF}.Release|Any CPU.ActiveCfg = Release|Any CPU
		{A379B9AA-59AF-458F-B25D-D689FA6FD5AF}.Release|Any CPU.Build.0 = Release|Any CPU
		{7A1B5253-E58B-45DF-84D4-A68469D37767}.Debug|Any CPU.ActiveCfg = Debug|Any CPU
		{7A1B5253-E58B-45DF-84D4-A68469D37767}.Debug|Any CPU.Build.0 = Debug|Any CPU
		{7A1B5253-E58B-45DF-84D4-A68469D37767}.Release|Any CPU.ActiveCfg = Release|Any CPU
		{7A1B5253-E58B-45DF-84D4-A68469D37767}.Release|Any CPU.Build.0 = Release|Any CPU
	EndGlobalSection
	GlobalSection(SolutionProperties) = preSolution
		HideSolutionNode = FALSE
	EndGlobalSection
EndGlobal
